github.com/google/go-cmp v0.5.8 h1:e6P7q2lk1O+qJJb4BtCQXlK8vWEO8V1ZeuEdJNOqZyg=
github.com/google/go-cmp v0.5.8/go.mod h1:17dUlkBOakJ0+DkrSSNjCkIjxS6bF9zb3elmeNGIjoY=
github.com/joakimofv/sanity v1.4.0 h1:bsuFWQVSkR8FxOONU4y3l6Ujz0+RMTnHD5lgLZoiseY=
github.com/joakimofv/sanity v1.4.0/go.mod h1:hCpwN1IO3BhjAq2KRaUzdmxwO+kBmdDqcRgpAMpCLXE=
github.com/pebbe/zmq4 v1.2.8 h1:sBO89w+czJZfpZaVu2suYdh2IBXCxPKiL/pX7r6gZog=
github.com/pebbe/zmq4 v1.2.8/go.mod h1:nqnPueOapVhE2wItZ0uOErngczsJdLOGkebMxaO8r48=
